
Microsoft Visual Studio Solution File, Format Version 12.00
# Visual Studio Version 17
VisualStudioVersion = 17.5.2.0
MinimumVisualStudioVersion = 10.0.40219.1
Project("{FAE04EC0-301F-11D3-BF4B-00C04F79EFBC}") = "TurnBasedPokemon", "TurnBasedPokemon.csproj", "{75521816-AC16-4D83-9E43-9A06487C7AD3}"
EndProject
Project("{FAE04EC0-301F-11D3-BF4B-00C04F79EFBC}") = "PokemonServer", "PokemonServer\PokemonServer.csproj", "{13315D27-326F-405C-A96F-9421776EE556}"
EndProject
Project("{FAE04EC0-301F-11D3-BF4B-00C04F79EFBC}") = "Pokemon.Shared", "Pokemon.Shared\Pokemon.Shared.csproj", "{66EF0208-6B2C-41DE-AC38-9A414E63EB88}"
EndProject
Global
	GlobalSection(SolutionConfigurationPlatforms) = preSolution
		Debug|Any CPU = Debug|Any CPU
		Debug|x64 = Debug|x64
		Debug|x86 = Debug|x86
		Release|Any CPU = Release|Any CPU
		Release|x64 = Release|x64
		Release|x86 = Release|x86
	EndGlobalSection
	GlobalSection(ProjectConfigurationPlatforms) = postSolution
		{75521816-AC16-4D83-9E43-9A06487C7AD3}.Debug|Any CPU.ActiveCfg = Debug|Any CPU
		{75521816-AC16-4D83-9E43-9A06487C7AD3}.Debug|Any CPU.Build.0 = Debug|Any CPU
		{75521816-AC16-4D83-9E43-9A06487C7AD3}.Debug|x64.ActiveCfg = Debug|Any CPU
		{75521816-AC16-4D83-9E43-9A06487C7AD3}.Debug|x64.Build.0 = Debug|Any CPU
		{75521816-AC16-4D83-9E43-9A06487C7AD3}.Debug|x86.ActiveCfg = Debug|Any CPU
		{75521816-AC16-4D83-9E43-9A06487C7AD3}.Debug|x86.Build.0 = Debug|Any CPU
		{75521816-AC16-4D83-9E43-9A06487C7AD3}.Release|Any CPU.ActiveCfg = Release|Any CPU
		{75521816-AC16-4D83-9E43-9A06487C7AD3}.Release|Any CPU.Build.0 = Release|Any CPU
		{75521816-AC16-4D83-9E43-9A06487C7AD3}.Release|x64.ActiveCfg = Release|Any CPU
		{75521816-AC16-4D83-9E43-9A06487C7AD3}.Release|x64.Build.0 = Release|Any CPU
		{75521816-AC16-4D83-9E43-9A06487C7AD3}.Release|x86.ActiveCfg = Release|Any CPU
		{75521816-AC16-4D83-9E43-9A06487C7AD3}.Release|x86.Build.0 = Release|Any CPU
		{13315D27-326F-405C-A96F-9421776EE556}.Debug|Any CPU.ActiveCfg = Debug|Any CPU
		{13315D27-326F-405C-A96F-9421776EE556}.Debug|Any CPU.Build.0 = Debug|Any CPU
		{13315D27-326F-405C-A96F-9421776EE556}.Debug|x64.ActiveCfg = Debug|Any CPU
		{13315D27-326F-405C-A96F-9421776EE556}.Debug|x64.Build.0 = Debug|Any CPU
		{13315D27-326F-405C-A96F-9421776EE556}.Debug|x86.ActiveCfg = Debug|Any CPU
		{13315D27-326F-405C-A96F-9421776EE556}.Debug|x86.Build.0 = Debug|Any CPU
		{13315D27-326F-405C-A96F-9421776EE556}.Release|Any CPU.ActiveCfg = Release|Any CPU
		{13315D27-326F-405C-A96F-9421776EE556}.Release|Any CPU.Build.0 = Release|Any CPU
		{13315D27-326F-405C-A96F-9421776EE556}.Release|x64.ActiveCfg = Release|Any CPU
		{13315D27-326F-405C-A96F-9421776EE556}.Release|x64.Build.0 = Release|Any CPU
		{13315D27-326F-405C-A96F-9421776EE556}.Release|x86.ActiveCfg = Release|Any CPU
		{13315D27-326F-405C-A96F-9421776EE556}.Release|x86.Build.0 = Release|Any CPU
		{66EF0208-6B2C-41DE-AC38-9A414E63EB88}.Debug|Any CPU.ActiveCfg = Debug|Any CPU
		{66EF0208-6B2C-41DE-AC38-9A414E63EB88}.Debug|Any CPU.Build.0 = Debug|Any CPU
		{66EF0208-6B2C-41DE-AC38-9A414E63EB88}.Debug|x64.ActiveCfg = Debug|Any CPU
		{66EF0208-6B2C-41DE-AC38-9A414E63EB88}.Debug|x64.Build.0 = Debug|Any CPU
		{66EF0208-6B2C-41DE-AC38-9A414E63EB88}.Debug|x86.ActiveCfg = Debug|Any CPU
		{66EF0208-6B2C-41DE-AC38-9A414E63EB88}.Debug|x86.Build.0 = Debug|Any CPU
		{66EF0208-6B2C-41DE-AC38-9A414E63EB88}.Release|Any CPU.ActiveCfg = Release|Any CPU
		{66EF0208-6B2C-41DE-AC38-9A414E63EB88}.Release|Any CPU.Build.0 = Release|Any CPU
		{66EF0208-6B2C-41DE-AC38-9A414E63EB88}.Release|x64.ActiveCfg = Release|Any CPU
		{66EF0208-6B2C-41DE-AC38-9A414E63EB88}.Release|x64.Build.0 = Release|Any CPU
		{66EF0208-6B2C-41DE-AC38-9A414E63EB88}.Release|x86.ActiveCfg = Release|Any CPU
		{66EF0208-6B2C-41DE-AC38-9A414E63EB88}.Release|x86.Build.0 = Release|Any CPU
	EndGlobalSection
	GlobalSection(SolutionProperties) = preSolution
		HideSolutionNode = FALSE
	EndGlobalSection
	GlobalSection(ExtensibilityGlobals) = postSolution
		SolutionGuid = {E05FCB6D-247E-4551-B43F-BFC9260F4DE3}
	EndGlobalSection
EndGlobal
